
Microsoft Visual Studio Solution File, Format Version 12.00
# Visual Studio Version 17
VisualStudioVersion = 17.8.34511.84
MinimumVisualStudioVersion = 10.0.40219.1
Project("{FAE04EC0-301F-11D3-BF4B-00C04F79EFBC}") = "LusoHealth2.Server", "LusoHealth2.Server\LusoHealth2.Server.csproj", "{1DBD8C94-8695-4268-A752-1762F5599942}"
EndProject
Project("{54A90642-561A-4BB1-A94E-469ADEE60C69}") = "lusohealth2.client", "lusohealth2.client\lusohealth2.client.esproj", "{33B781F1-F729-4BAE-A04D-1A21108EF6C8}"
EndProject
Global
	GlobalSection(SolutionConfigurationPlatforms) = preSolution
		Debug|Any CPU = Debug|Any CPU
		Release|Any CPU = Release|Any CPU
	EndGlobalSection
	GlobalSection(ProjectConfigurationPlatforms) = postSolution
		{1DBD8C94-8695-4268-A752-1762F5599942}.Debug|Any CPU.ActiveCfg = Debug|Any CPU
		{1DBD8C94-8695-4268-A752-1762F5599942}.Debug|Any CPU.Build.0 = Debug|Any CPU
		{1DBD8C94-8695-4268-A752-1762F5599942}.Release|Any CPU.ActiveCfg = Release|Any CPU
		{1DBD8C94-8695-4268-A752-1762F5599942}.Release|Any CPU.Build.0 = Release|Any CPU
		{33B781F1-F729-4BAE-A04D-1A21108EF6C8}.Debug|Any CPU.ActiveCfg = Debug|Any CPU
		{33B781F1-F729-4BAE-A04D-1A21108EF6C8}.Debug|Any CPU.Build.0 = Debug|Any CPU
		{33B781F1-F729-4BAE-A04D-1A21108EF6C8}.Debug|Any CPU.Deploy.0 = Debug|Any CPU
		{33B781F1-F729-4BAE-A04D-1A21108EF6C8}.Release|Any CPU.ActiveCfg = Release|Any CPU
		{33B781F1-F729-4BAE-A04D-1A21108EF6C8}.Release|Any CPU.Build.0 = Release|Any CPU
		{33B781F1-F729-4BAE-A04D-1A21108EF6C8}.Release|Any CPU.Deploy.0 = Release|Any CPU
	EndGlobalSection
	GlobalSection(SolutionProperties) = preSolution
		HideSolutionNode = FALSE
	EndGlobalSection
	GlobalSection(ExtensibilityGlobals) = postSolution
		SolutionGuid = {13060901-DE43-4D43-B3A0-BBCCE15D7DE3}
	EndGlobalSection
EndGlobal
